
Microsoft Visual Studio Solution File, Format Version 12.00
# Visual Studio Version 17
VisualStudioVersion = 17.3.32901.215
MinimumVisualStudioVersion = 10.0.40219.1
Project("{FAE04EC0-301F-11D3-BF4B-00C04F79EFBC}") = "E-Tickets", "E-Tickets.csproj", "{F99D6D13-1D45-4319-8487-6D9A0FE9D0A7}"
EndProject
Global
	GlobalSection(SolutionConfigurationPlatforms) = preSolution
		Debug|Any CPU = Debug|Any CPU
		Release|Any CPU = Release|Any CPU
	EndGlobalSection
	GlobalSection(ProjectConfigurationPlatforms) = postSolution
		{F99D6D13-1D45-4319-8487-6D9A0FE9D0A7}.Debug|Any CPU.ActiveCfg = Debug|Any CPU
		{F99D6D13-1D45-4319-8487-6D9A0FE9D0A7}.Debug|Any CPU.Build.0 = Debug|Any CPU
		{F99D6D13-1D45-4319-8487-6D9A0FE9D0A7}.Release|Any CPU.ActiveCfg = Release|Any CPU
		{F99D6D13-1D45-4319-8487-6D9A0FE9D0A7}.Release|Any CPU.Build.0 = Release|Any CPU
	EndGlobalSection
	GlobalSection(SolutionProperties) = preSolution
		HideSolutionNode = FALSE
	EndGlobalSection
	GlobalSection(ExtensibilityGlobals) = postSolution
		SolutionGuid = {E4CEA0BA-42E3-47FA-9E92-38B3ADF92D17}
	EndGlobalSection
EndGlobal
